
Microsoft Visual Studio Solution File, Format Version 12.00
# Visual Studio 15
VisualStudioVersion = 15.0.28010.2019
MinimumVisualStudioVersion = 10.0.40219.1
Project("{FAE04EC0-301F-11D3-BF4B-00C04F79EFBC}") = "PAED.1", "PAED.1\PAED.1.csproj", "{A0EDE556-CF33-494C-B176-3C3D6EB6F759}"
EndProject
Global
	GlobalSection(SolutionConfigurationPlatforms) = preSolution
		Debug|Any CPU = Debug|Any CPU
		Release|Any CPU = Release|Any CPU
	EndGlobalSection
	GlobalSection(ProjectConfigurationPlatforms) = postSolution
		{A0EDE556-CF33-494C-B176-3C3D6EB6F759}.Debug|Any CPU.ActiveCfg = Debug|Any CPU
		{A0EDE556-CF33-494C-B176-3C3D6EB6F759}.Debug|Any CPU.Build.0 = Debug|Any CPU
		{A0EDE556-CF33-494C-B176-3C3D6EB6F759}.Release|Any CPU.ActiveCfg = Release|Any CPU
		{A0EDE556-CF33-494C-B176-3C3D6EB6F759}.Release|Any CPU.Build.0 = Release|Any CPU
	EndGlobalSection
	GlobalSection(SolutionProperties) = preSolution
		HideSolutionNode = FALSE
	EndGlobalSection
	GlobalSection(ExtensibilityGlobals) = postSolution
		SolutionGuid = {8B3AD869-268B-4920-BA97-9715B7C75C12}
	EndGlobalSection
EndGlobal
